{
  "name": "jqq-util-functions",
  "version": "1.0.0",
  "lockfileVersion": 1,
  "requires": true,
  "dependencies": {
    "cloudinary": {
      "version": "1.22.0",
      "resolved": "https://registry.npmjs.org/cloudinary/-/cloudinary-1.22.0.tgz",
      "integrity": "sha512-qQhSVqGyOWtGbPc3JrwyUXJEZpdqsEzBFSf5+gTo7gbKbXdzEysLagigoSlp6JYI7YW2oEbz4aeZlgN2ucOkzQ==",
      "requires": {
        "core-js": "^3.6.5",
        "lodash": "^4.17.11",
        "q": "^1.5.1"
      }
    },
    "core-js": {
      "version": "3.6.5",
      "resolved": "https://registry.npmjs.org/core-js/-/core-js-3.6.5.tgz",
      "integrity": "sha512-vZVEEwZoIsI+vPEuoF9Iqf5H7/M3eeQqWlQnYa8FSKKePuYTf5MWnxb5SDAzCa60b3JBRS5g9b+Dq7b1y/RCrA=="
    },
    "dotenv": {
      "version": "8.2.0",
      "resolved": "https://registry.npmjs.org/dotenv/-/dotenv-8.2.0.tgz",
      "integrity": "sha512-8sJ78ElpbDJBHNeBzUbUVLsqKdccaa/BXF1uPTw3GrvQTBgrQrtObr2mUrE38vzYd8cEv+m/JBfDLioYcfXoaw=="
    },
    "lodash": {
      "version": "4.17.20",
      "resolved": "https://registry.npmjs.org/lodash/-/lodash-4.17.20.tgz",
      "integrity": "sha512-PlhdFcillOINfeV7Ni6oF1TAEayyZBoZ8bcshTHqOYJYlrqzRK5hagpagky5o4HfCzzd1TRkXPMFq6cKk9rGmA=="
    },
    "netlify-functions-simple-return": {
      "version": "1.0.0",
      "resolved": "https://registry.npmjs.org/netlify-functions-simple-return/-/netlify-functions-simple-return-1.0.0.tgz",
      "integrity": "sha512-0WUa43pp/AYXkvuMrMVava3JF0ddv7uLxMrscqp8gOtZ1vs6VTU6daX6USwo52orGEbC6Yk2pXE+aBjTDuqY7g=="
    },
    "node-fetch": {
      "version": "2.6.0",
      "resolved": "https://registry.npmjs.org/node-fetch/-/node-fetch-2.6.0.tgz",
      "integrity": "sha512-8dG4H5ujfvFiqDmVu9fQ5bOHUC15JMjMY/Zumv26oOvvVJjM67KF8koCWIabKQ1GJIa9r2mMZscBq/TbdOcmNA=="
    },
    "q": {
      "version": "1.5.1",
      "resolved": "https://registry.npmjs.org/q/-/q-1.5.1.tgz",
      "integrity": "sha1-fjL3W0E4EpHQRhHxvxQQmsAGUdc="
    }
  }
}
